
Microsoft Visual Studio Solution File, Format Version 12.00
# Visual Studio Version 17
VisualStudioVersion = 17.14.36414.22 d17.14
MinimumVisualStudioVersion = 10.0.40219.1
Project("{FAE04EC0-301F-11D3-BF4B-00C04F79EFBC}") = "SoapClientConsoleDeserialize1", "SoapClientConsoleDeserialize1.csproj", "{7F75F093-69B4-4B52-8B00-941D4AB7C3DE}"
EndProject
Global
	GlobalSection(SolutionConfigurationPlatforms) = preSolution
		Debug|Any CPU = Debug|Any CPU
		Release|Any CPU = Release|Any CPU
	EndGlobalSection
	GlobalSection(ProjectConfigurationPlatforms) = postSolution
		{7F75F093-69B4-4B52-8B00-941D4AB7C3DE}.Debug|Any CPU.ActiveCfg = Debug|Any CPU
		{7F75F093-69B4-4B52-8B00-941D4AB7C3DE}.Debug|Any CPU.Build.0 = Debug|Any CPU
		{7F75F093-69B4-4B52-8B00-941D4AB7C3DE}.Release|Any CPU.ActiveCfg = Release|Any CPU
		{7F75F093-69B4-4B52-8B00-941D4AB7C3DE}.Release|Any CPU.Build.0 = Release|Any CPU
	EndGlobalSection
	GlobalSection(SolutionProperties) = preSolution
		HideSolutionNode = FALSE
	EndGlobalSection
	GlobalSection(ExtensibilityGlobals) = postSolution
		SolutionGuid = {77DB59A7-C3EB-4994-B6D9-60427E978256}
	EndGlobalSection
EndGlobal
